
Microsoft Visual Studio Solution File, Format Version 12.00
# Visual Studio Version 17
VisualStudioVersion = 17.14.36623.8 d17.14
MinimumVisualStudioVersion = 10.0.40219.1
Project("{FAE04EC0-301F-11D3-BF4B-00C04F79EFBC}") = "Lista_Enlazada_Polinomios", "Lista_Enlazada_Polinomios\Lista_Enlazada_Polinomios.csproj", "{16784CE7-FB3C-481C-BAB7-5CB92568AA2D}"
EndProject
Global
	GlobalSection(SolutionConfigurationPlatforms) = preSolution
		Debug|Any CPU = Debug|Any CPU
		Release|Any CPU = Release|Any CPU
	EndGlobalSection
	GlobalSection(ProjectConfigurationPlatforms) = postSolution
		{16784CE7-FB3C-481C-BAB7-5CB92568AA2D}.Debug|Any CPU.ActiveCfg = Debug|Any CPU
		{16784CE7-FB3C-481C-BAB7-5CB92568AA2D}.Debug|Any CPU.Build.0 = Debug|Any CPU
		{16784CE7-FB3C-481C-BAB7-5CB92568AA2D}.Release|Any CPU.ActiveCfg = Release|Any CPU
		{16784CE7-FB3C-481C-BAB7-5CB92568AA2D}.Release|Any CPU.Build.0 = Release|Any CPU
	EndGlobalSection
	GlobalSection(SolutionProperties) = preSolution
		HideSolutionNode = FALSE
	EndGlobalSection
	GlobalSection(ExtensibilityGlobals) = postSolution
		SolutionGuid = {122A71BB-2470-4B0D-8A92-47B1517EF9F6}
	EndGlobalSection
EndGlobal
